
Microsoft Visual Studio Solution File, Format Version 12.00
# Visual Studio Version 17
VisualStudioVersion = 17.9.34616.47
MinimumVisualStudioVersion = 10.0.40219.1
Project("{8BC9CEB8-8B4A-11D0-8D11-00A0C91BC942}") = "ParadigmaOOP2_0156", "ParadigmaOOP2_0156\ParadigmaOOP2_0156.vcxproj", "{07C126AD-6674-478D-A426-2968E88A7EE9}"
EndProject
Project("{8BC9CEB8-8B4A-11D0-8D11-00A0C91BC942}") = "NOoprinding", "NOoprinding\NOoprinding.vcxproj", "{A37ECDCE-DA93-4DB3-987E-328615263BFD}"
EndProject
Project("{8BC9CEB8-8B4A-11D0-8D11-00A0C91BC942}") = "ridak ada perwairisan", "ridak ada perwairisan\ridak ada perwairisan.vcxproj", "{D3DCA420-03F7-4E3A-A19B-B9E09E4D3A63}"
EndProject
Project("{8BC9CEB8-8B4A-11D0-8D11-00A0C91BC942}") = "encapsulation", "encapsulation\encapsulation.vcxproj", "{52661B58-B776-4C5C-83DF-D77E2F3008B1}"
EndProject
Project("{8BC9CEB8-8B4A-11D0-8D11-00A0C91BC942}") = "Abstaksi", "Abstaksi\Abstaksi.vcxproj", "{3CA40F5F-3133-4970-BF30-44EBEE50EB70}"
EndProject
Project("{8BC9CEB8-8B4A-11D0-8D11-00A0C91BC942}") = "abstraksi header", "abstraksi header\abstraksi header.vcxproj", "{126A08F7-C6C6-4DA8-93C0-6BFA5E9DC6DE}"
EndProject
Global
	GlobalSection(SolutionConfigurationPlatforms) = preSolution
		Debug|x64 = Debug|x64
		Debug|x86 = Debug|x86
		Release|x64 = Release|x64
		Release|x86 = Release|x86
	EndGlobalSection
	GlobalSection(ProjectConfigurationPlatforms) = postSolution
		{07C126AD-6674-478D-A426-2968E88A7EE9}.Debug|x64.ActiveCfg = Debug|x64
		{07C126AD-6674-478D-A426-2968E88A7EE9}.Debug|x64.Build.0 = Debug|x64
		{07C126AD-6674-478D-A426-2968E88A7EE9}.Debug|x86.ActiveCfg = Debug|Win32
		{07C126AD-6674-478D-A426-2968E88A7EE9}.Debug|x86.Build.0 = Debug|Win32
		{07C126AD-6674-478D-A426-2968E88A7EE9}.Release|x64.ActiveCfg = Release|x64
		{07C126AD-6674-478D-A426-2968E88A7EE9}.Release|x64.Build.0 = Release|x64
		{07C126AD-6674-478D-A426-2968E88A7EE9}.Release|x86.ActiveCfg = Release|Win32
		{07C126AD-6674-478D-A426-2968E88A7EE9}.Release|x86.Build.0 = Release|Win32
		{A37ECDCE-DA93-4DB3-987E-328615263BFD}.Debug|x64.ActiveCfg = Debug|x64
		{A37ECDCE-DA93-4DB3-987E-328615263BFD}.Debug|x64.Build.0 = Debug|x64
		{A37ECDCE-DA93-4DB3-987E-328615263BFD}.Debug|x86.ActiveCfg = Debug|Win32
		{A37ECDCE-DA93-4DB3-987E-328615263BFD}.Debug|x86.Build.0 = Debug|Win32
		{A37ECDCE-DA93-4DB3-987E-328615263BFD}.Release|x64.ActiveCfg = Release|x64
		{A37ECDCE-DA93-4DB3-987E-328615263BFD}.Release|x64.Build.0 = Release|x64
		{A37ECDCE-DA93-4DB3-987E-328615263BFD}.Release|x86.ActiveCfg = Release|Win32
		{A37ECDCE-DA93-4DB3-987E-328615263BFD}.Release|x86.Build.0 = Release|Win32
		{D3DCA420-03F7-4E3A-A19B-B9E09E4D3A63}.Debug|x64.ActiveCfg = Debug|x64
		{D3DCA420-03F7-4E3A-A19B-B9E09E4D3A63}.Debug|x64.Build.0 = Debug|x64
		{D3DCA420-03F7-4E3A-A19B-B9E09E4D3A63}.Debug|x86.ActiveCfg = Debug|Win32
		{D3DCA420-03F7-4E3A-A19B-B9E09E4D3A63}.Debug|x86.Build.0 = Debug|Win32
		{D3DCA420-03F7-4E3A-A19B-B9E09E4D3A63}.Release|x64.ActiveCfg = Release|x64
		{D3DCA420-03F7-4E3A-A19B-B9E09E4D3A63}.Release|x64.Build.0 = Release|x64
		{D3DCA420-03F7-4E3A-A19B-B9E09E4D3A63}.Release|x86.ActiveCfg = Release|Win32
		{D3DCA420-03F7-4E3A-A19B-B9E09E4D3A63}.Release|x86.Build.0 = Release|Win32
		{52661B58-B776-4C5C-83DF-D77E2F3008B1}.Debug|x64.ActiveCfg = Debug|x64
		{52661B58-B776-4C5C-83DF-D77E2F3008B1}.Debug|x64.Build.0 = Debug|x64
		{52661B58-B776-4C5C-83DF-D77E2F3008B1}.Debug|x86.ActiveCfg = Debug|Win32
		{52661B58-B776-4C5C-83DF-D77E2F3008B1}.Debug|x86.Build.0 = Debug|Win32
		{52661B58-B776-4C5C-83DF-D77E2F3008B1}.Release|x64.ActiveCfg = Release|x64
		{52661B58-B776-4C5C-83DF-D77E2F3008B1}.Release|x64.Build.0 = Release|x64
		{52661B58-B776-4C5C-83DF-D77E2F3008B1}.Release|x86.ActiveCfg = Release|Win32
		{52661B58-B776-4C5C-83DF-D77E2F3008B1}.Release|x86.Build.0 = Release|Win32
		{3CA40F5F-3133-4970-BF30-44EBEE50EB70}.Debug|x64.ActiveCfg = Debug|x64
		{3CA40F5F-3133-4970-BF30-44EBEE50EB70}.Debug|x64.Build.0 = Debug|x64
		{3CA40F5F-3133-4970-BF30-44EBEE50EB70}.Debug|x86.ActiveCfg = Debug|Win32
		{3CA40F5F-3133-4970-BF30-44EBEE50EB70}.Debug|x86.Build.0 = Debug|Win32
		{3CA40F5F-3133-4970-BF30-44EBEE50EB70}.Release|x64.ActiveCfg = Release|x64
		{3CA40F5F-3133-4970-BF30-44EBEE50EB70}.Release|x64.Build.0 = Release|x64
		{3CA40F5F-3133-4970-BF30-44EBEE50EB70}.Release|x86.ActiveCfg = Release|Win32
		{3CA40F5F-3133-4970-BF30-44EBEE50EB70}.Release|x86.Build.0 = Release|Win32
		{126A08F7-C6C6-4DA8-93C0-6BFA5E9DC6DE}.Debug|x64.ActiveCfg = Debug|x64
		{126A08F7-C6C6-4DA8-93C0-6BFA5E9DC6DE}.Debug|x64.Build.0 = Debug|x64
		{126A08F7-C6C6-4DA8-93C0-6BFA5E9DC6DE}.Debug|x86.ActiveCfg = Debug|Win32
		{126A08F7-C6C6-4DA8-93C0-6BFA5E9DC6DE}.Debug|x86.Build.0 = Debug|Win32
		{126A08F7-C6C6-4DA8-93C0-6BFA5E9DC6DE}.Release|x64.ActiveCfg = Release|x64
		{126A08F7-C6C6-4DA8-93C0-6BFA5E9DC6DE}.Release|x64.Build.0 = Release|x64
		{126A08F7-C6C6-4DA8-93C0-6BFA5E9DC6DE}.Release|x86.ActiveCfg = Release|Win32
		{126A08F7-C6C6-4DA8-93C0-6BFA5E9DC6DE}.Release|x86.Build.0 = Release|Win32
	EndGlobalSection
	GlobalSection(SolutionProperties) = preSolution
		HideSolutionNode = FALSE
	EndGlobalSection
	GlobalSection(ExtensibilityGlobals) = postSolution
		SolutionGuid = {F9521C4D-E548-4E12-B085-DEFA8A327B7D}
	EndGlobalSection
EndGlobal
